
Microsoft Visual Studio Solution File, Format Version 12.00
# Visual Studio Version 17
VisualStudioVersion = 17.12.35506.116
MinimumVisualStudioVersion = 10.0.40219.1
Project("{FAE04EC0-301F-11D3-BF4B-00C04F79EFBC}") = "SharedModels", "SharedModels\SharedModels.csproj", "{BFDDDA49-B842-4027-BFD1-721335794B2C}"
EndProject
Project("{FAE04EC0-301F-11D3-BF4B-00C04F79EFBC}") = "WebsocketServer", "WebsocketServer\WebsocketServer.csproj", "{7BB206E6-4428-4A33-AF73-A0CA7D4D0458}"
EndProject
Project("{FAE04EC0-301F-11D3-BF4B-00C04F79EFBC}") = "UiManager", "UiManager\UiManager.csproj", "{F76F5296-5276-440B-8CF1-0EAFAB5B11C1}"
EndProject
Project("{FAE04EC0-301F-11D3-BF4B-00C04F79EFBC}") = "Launcher", "Launcher\Launcher.csproj", "{B3215751-C9EE-4BC1-B3C1-E779A036AA9E}"
EndProject
Global
	GlobalSection(SolutionConfigurationPlatforms) = preSolution
		Debug|Any CPU = Debug|Any CPU
		Release|Any CPU = Release|Any CPU
	EndGlobalSection
	GlobalSection(ProjectConfigurationPlatforms) = postSolution
		{BFDDDA49-B842-4027-BFD1-721335794B2C}.Debug|Any CPU.ActiveCfg = Debug|Any CPU
		{BFDDDA49-B842-4027-BFD1-721335794B2C}.Debug|Any CPU.Build.0 = Debug|Any CPU
		{BFDDDA49-B842-4027-BFD1-721335794B2C}.Release|Any CPU.ActiveCfg = Release|Any CPU
		{BFDDDA49-B842-4027-BFD1-721335794B2C}.Release|Any CPU.Build.0 = Release|Any CPU
		{7BB206E6-4428-4A33-AF73-A0CA7D4D0458}.Debug|Any CPU.ActiveCfg = Debug|Any CPU
		{7BB206E6-4428-4A33-AF73-A0CA7D4D0458}.Debug|Any CPU.Build.0 = Debug|Any CPU
		{7BB206E6-4428-4A33-AF73-A0CA7D4D0458}.Release|Any CPU.ActiveCfg = Release|Any CPU
		{7BB206E6-4428-4A33-AF73-A0CA7D4D0458}.Release|Any CPU.Build.0 = Release|Any CPU
		{F76F5296-5276-440B-8CF1-0EAFAB5B11C1}.Debug|Any CPU.ActiveCfg = Debug|Any CPU
		{F76F5296-5276-440B-8CF1-0EAFAB5B11C1}.Debug|Any CPU.Build.0 = Debug|Any CPU
		{F76F5296-5276-440B-8CF1-0EAFAB5B11C1}.Release|Any CPU.ActiveCfg = Release|Any CPU
		{F76F5296-5276-440B-8CF1-0EAFAB5B11C1}.Release|Any CPU.Build.0 = Release|Any CPU
		{B3215751-C9EE-4BC1-B3C1-E779A036AA9E}.Debug|Any CPU.ActiveCfg = Debug|Any CPU
		{B3215751-C9EE-4BC1-B3C1-E779A036AA9E}.Debug|Any CPU.Build.0 = Debug|Any CPU
		{B3215751-C9EE-4BC1-B3C1-E779A036AA9E}.Release|Any CPU.ActiveCfg = Release|Any CPU
		{B3215751-C9EE-4BC1-B3C1-E779A036AA9E}.Release|Any CPU.Build.0 = Release|Any CPU
	EndGlobalSection
	GlobalSection(SolutionProperties) = preSolution
		HideSolutionNode = FALSE
	EndGlobalSection
EndGlobal
